
Microsoft Visual Studio Solution File, Format Version 12.00
# Visual Studio 15
Project("{FAE04EC0-301F-11D3-BF4B-00C04F79EFBC}") = "locationconnection", "locationconnection\locationconnection.csproj", "{06B441A7-65FC-4D86-B158-2EC3DF397468}"
EndProject
Global
	GlobalSection(SolutionConfigurationPlatforms) = preSolution
		Debug|iPhoneSimulator = Debug|iPhoneSimulator
		Release|iPhoneSimulator = Release|iPhoneSimulator
		Debug|iPhone = Debug|iPhone
		Release|iPhone = Release|iPhone
	EndGlobalSection
	GlobalSection(ProjectConfigurationPlatforms) = postSolution
		{06B441A7-65FC-4D86-B158-2EC3DF397468}.Debug|iPhoneSimulator.ActiveCfg = Debug|iPhoneSimulator
		{06B441A7-65FC-4D86-B158-2EC3DF397468}.Debug|iPhoneSimulator.Build.0 = Debug|iPhoneSimulator
		{06B441A7-65FC-4D86-B158-2EC3DF397468}.Release|iPhoneSimulator.ActiveCfg = Release|iPhoneSimulator
		{06B441A7-65FC-4D86-B158-2EC3DF397468}.Release|iPhoneSimulator.Build.0 = Release|iPhoneSimulator
		{06B441A7-65FC-4D86-B158-2EC3DF397468}.Debug|iPhone.ActiveCfg = Debug|iPhone
		{06B441A7-65FC-4D86-B158-2EC3DF397468}.Debug|iPhone.Build.0 = Debug|iPhone
		{06B441A7-65FC-4D86-B158-2EC3DF397468}.Release|iPhone.ActiveCfg = Release|iPhone
		{06B441A7-65FC-4D86-B158-2EC3DF397468}.Release|iPhone.Build.0 = Release|iPhone
	EndGlobalSection
EndGlobal
